
Microsoft Visual Studio Solution File, Format Version 12.00
# Visual Studio Version 17
VisualStudioVersion = 17.10.34928.147
MinimumVisualStudioVersion = 10.0.40219.1
Project("{9A19103F-16F7-4668-BE54-9A1E7A4F7556}") = "CarSpecs", "Car-Specs\CarSpecs.csproj", "{2A0AA3C6-5B1B-4111-BE4D-3D27C83E5D6B}"
EndProject
Project("{9A19103F-16F7-4668-BE54-9A1E7A4F7556}") = "Car-Specs.Test", "Car-Specs.Test\Car-Specs.Test.csproj", "{F6C04D6B-557A-4035-A183-9DB7AFB3599D}"
EndProject
Global
	GlobalSection(SolutionConfigurationPlatforms) = preSolution
		Debug|Any CPU = Debug|Any CPU
		Release|Any CPU = Release|Any CPU
	EndGlobalSection
	GlobalSection(ProjectConfigurationPlatforms) = postSolution
		{2A0AA3C6-5B1B-4111-BE4D-3D27C83E5D6B}.Debug|Any CPU.ActiveCfg = Debug|Any CPU
		{2A0AA3C6-5B1B-4111-BE4D-3D27C83E5D6B}.Debug|Any CPU.Build.0 = Debug|Any CPU
		{2A0AA3C6-5B1B-4111-BE4D-3D27C83E5D6B}.Release|Any CPU.ActiveCfg = Release|Any CPU
		{2A0AA3C6-5B1B-4111-BE4D-3D27C83E5D6B}.Release|Any CPU.Build.0 = Release|Any CPU
		{F6C04D6B-557A-4035-A183-9DB7AFB3599D}.Debug|Any CPU.ActiveCfg = Debug|Any CPU
		{F6C04D6B-557A-4035-A183-9DB7AFB3599D}.Debug|Any CPU.Build.0 = Debug|Any CPU
		{F6C04D6B-557A-4035-A183-9DB7AFB3599D}.Release|Any CPU.ActiveCfg = Release|Any CPU
		{F6C04D6B-557A-4035-A183-9DB7AFB3599D}.Release|Any CPU.Build.0 = Release|Any CPU
	EndGlobalSection
	GlobalSection(SolutionProperties) = preSolution
		HideSolutionNode = FALSE
	EndGlobalSection
	GlobalSection(ExtensibilityGlobals) = postSolution
		SolutionGuid = {FCAC7A43-094F-4F0A-90C0-45A7D2E725A7}
	EndGlobalSection
EndGlobal
